// !$*UTF8*$!
{
	archiveVersion = 1;
	classes = {
	};
	objectVersion = 55;
	objects = {

/* Begin PBXBuildFile section */
		7F54E3D5291DDD6E00FAE487 /* PodRealmTestApp.swift in Sources */ = {isa = PBXBuildFile; fileRef = 7F54E3D4291DDD6E00FAE487 /* PodRealmTestApp.swift */; };
		7F54E3D7291DDD6E00FAE487 /* ContentView.swift in Sources */ = {isa = PBXBuildFile; fileRef = 7F54E3D6291DDD6E00FAE487 /* ContentView.swift */; };
		7F54E3D9291DDD7100FAE487 /* Assets.xcassets in Resources */ = {isa = PBXBuildFile; fileRef = 7F54E3D8291DDD7100FAE487 /* Assets.xcassets */; };
		7F54E3DC291DDD7100FAE487 /* Preview Assets.xcassets in Resources */ = {isa = PBXBuildFile; fileRef = 7F54E3DB291DDD7100FAE487 /* Preview Assets.xcassets */; };
		7F54E3E3291DDE3500FAE487 /* RWBYView.swift in Sources */ = {isa = PBXBuildFile; fileRef = 7F54E3E2291DDE3500FAE487 /* RWBYView.swift */; };
		7F54E3E5291DDE4400FAE487 /* RWBYTest.swift in Sources */ = {isa = PBXBuildFile; fileRef = 7F54E3E4291DDE4400FAE487 /* RWBYTest.swift */; };
		7F54E3E7291DDEA200FAE487 /* NotificationRequestManager.swift in Sources */ = {isa = PBXBuildFile; fileRef = 7F54E3E6291DDEA200FAE487 /* NotificationRequestManager.swift */; };
		7F54E3E9291DDF4900FAE487 /* EntryNotificationView.swift in Sources */ = {isa = PBXBuildFile; fileRef = 7F54E3E8291DDF4900FAE487 /* EntryNotificationView.swift */; };
		7F54E3ED291DECB700FAE487 /* ColorView.swift in Sources */ = {isa = PBXBuildFile; fileRef = 7F54E3EC291DECB700FAE487 /* ColorView.swift */; };
		7F6B0CC2292713C00020EA57 /* SceneDelemodoki.swift in Sources */ = {isa = PBXBuildFile; fileRef = 7F6B0CC1292713C00020EA57 /* SceneDelemodoki.swift */; };
		7F6B0CC4292715B30020EA57 /* MySceneDelegate.swift in Sources */ = {isa = PBXBuildFile; fileRef = 7F6B0CC3292715B30020EA57 /* MySceneDelegate.swift */; };
		7F729C9B293067190001EA8E /*  TimeUIListView.swift in Sources */ = {isa = PBXBuildFile; fileRef = 7F729C9A293067190001EA8E /*  TimeUIListView.swift */; };
		7F9034D4292483CA00185DEB /* DrugListView.swift in Sources */ = {isa = PBXBuildFile; fileRef = 7F9034D3292483CA00185DEB /* DrugListView.swift */; };
		7FB44C9729231F9400F05EF4 /* CocoaMemoryClass.swift in Sources */ = {isa = PBXBuildFile; fileRef = 7FB44C9629231F9400F05EF4 /* CocoaMemoryClass.swift */; };
		7FB44C992923329C00F05EF4 /* TopMenuView.swift in Sources */ = {isa = PBXBuildFile; fileRef = 7FB44C982923329C00F05EF4 /* TopMenuView.swift */; };
		7FB44C9B2923365700F05EF4 /* SystemColor.swift in Sources */ = {isa = PBXBuildFile; fileRef = 7FB44C9A2923365700F05EF4 /* SystemColor.swift */; };
		7FB44C9E292338C400F05EF4 /* CocoaMemoryItem.swift in Sources */ = {isa = PBXBuildFile; fileRef = 7FB44C9D292338C400F05EF4 /* CocoaMemoryItem.swift */; };
		7FB44CA129233A5400F05EF4 /* DrugStore.swift in Sources */ = {isa = PBXBuildFile; fileRef = 7FB44CA029233A5400F05EF4 /* DrugStore.swift */; };
		EA39410D2EFED2ACAA8272F2 /* Pods_PodRealmTest.framework in Frameworks */ = {isa = PBXBuildFile; fileRef = 52542312CDB292BF1CE6363F /* Pods_PodRealmTest.framework */; };
/* End PBXBuildFile section */

/* Begin PBXFileReference section */
		52542312CDB292BF1CE6363F /* Pods_PodRealmTest.framework */ = {isa = PBXFileReference; explicitFileType = wrapper.framework; includeInIndex = 0; path = Pods_PodRealmTest.framework; sourceTree = BUILT_PRODUCTS_DIR; };
		7F54E3D1291DDD6E00FAE487 /* PodRealmTest.app */ = {isa = PBXFileReference; explicitFileType = wrapper.application; includeInIndex = 0; path = PodRealmTest.app; sourceTree = BUILT_PRODUCTS_DIR; };
		7F54E3D4291DDD6E00FAE487 /* PodRealmTestApp.swift */ = {isa = PBXFileReference; lastKnownFileType = sourcecode.swift; path = PodRealmTestApp.swift; sourceTree = "<group>"; };
		7F54E3D6291DDD6E00FAE487 /* ContentView.swift */ = {isa = PBXFileReference; lastKnownFileType = sourcecode.swift; path = ContentView.swift; sourceTree = "<group>"; };
		7F54E3D8291DDD7100FAE487 /* Assets.xcassets */ = {isa = PBXFileReference; lastKnownFileType = folder.assetcatalog; path = Assets.xcassets; sourceTree = "<group>"; };
		7F54E3DB291DDD7100FAE487 /* Preview Assets.xcassets */ = {isa = PBXFileReference; lastKnownFileType = folder.assetcatalog; path = "Preview Assets.xcassets"; sourceTree = "<group>"; };
		7F54E3E2291DDE3500FAE487 /* RWBYView.swift */ = {isa = PBXFileReference; lastKnownFileType = sourcecode.swift; path = RWBYView.swift; sourceTree = "<group>"; };
		7F54E3E4291DDE4400FAE487 /* RWBYTest.swift */ = {isa = PBXFileReference; lastKnownFileType = sourcecode.swift; path = RWBYTest.swift; sourceTree = "<group>"; };
		7F54E3E6291DDEA200FAE487 /* NotificationRequestManager.swift */ = {isa = PBXFileReference; lastKnownFileType = sourcecode.swift; path = NotificationRequestManager.swift; sourceTree = "<group>"; };
		7F54E3E8291DDF4900FAE487 /* EntryNotificationView.swift */ = {isa = PBXFileReference; lastKnownFileType = sourcecode.swift; path = EntryNotificationView.swift; sourceTree = "<group>"; };
		7F54E3EC291DECB700FAE487 /* ColorView.swift */ = {isa = PBXFileReference; lastKnownFileType = sourcecode.swift; path = ColorView.swift; sourceTree = "<group>"; };
		7F6B0CC1292713C00020EA57 /* SceneDelemodoki.swift */ = {isa = PBXFileReference; lastKnownFileType = sourcecode.swift; path = SceneDelemodoki.swift; sourceTree = "<group>"; };
		7F6B0CC3292715B30020EA57 /* MySceneDelegate.swift */ = {isa = PBXFileReference; lastKnownFileType = sourcecode.swift; path = MySceneDelegate.swift; sourceTree = "<group>"; };
		7F729C9A293067190001EA8E /*  TimeUIListView.swift */ = {isa = PBXFileReference; lastKnownFileType = sourcecode.swift; path = " TimeUIListView.swift"; sourceTree = "<group>"; };
		7F9034D3292483CA00185DEB /* DrugListView.swift */ = {isa = PBXFileReference; lastKnownFileType = sourcecode.swift; path = DrugListView.swift; sourceTree = "<group>"; };
		7FB44C9629231F9400F05EF4 /* CocoaMemoryClass.swift */ = {isa = PBXFileReference; lastKnownFileType = sourcecode.swift; name = CocoaMemoryClass.swift; path = "../New Group/CocoaMemoryClass.swift"; sourceTree = "<group>"; };
		7FB44C982923329C00F05EF4 /* TopMenuView.swift */ = {isa = PBXFileReference; lastKnownFileType = sourcecode.swift; path = TopMenuView.swift; sourceTree = "<group>"; };
		7FB44C9A2923365700F05EF4 /* SystemColor.swift */ = {isa = PBXFileReference; lastKnownFileType = sourcecode.swift; path = SystemColor.swift; sourceTree = "<group>"; };
		7FB44C9D292338C400F05EF4 /* CocoaMemoryItem.swift */ = {isa = PBXFileReference; lastKnownFileType = sourcecode.swift; path = CocoaMemoryItem.swift; sourceTree = "<group>"; };
		7FB44CA029233A5400F05EF4 /* DrugStore.swift */ = {isa = PBXFileReference; lastKnownFileType = sourcecode.swift; path = DrugStore.swift; sourceTree = "<group>"; };
		913B588B7B871D570557630C /* Pods-PodRealmTest.debug.xcconfig */ = {isa = PBXFileReference; includeInIndex = 1; lastKnownFileType = text.xcconfig; name = "Pods-PodRealmTest.debug.xcconfig"; path = "Target Support Files/Pods-PodRealmTest/Pods-PodRealmTest.debug.xcconfig"; sourceTree = "<group>"; };
		B884A852C10D0DCF5B9E45D8 /* Pods-PodRealmTest.release.xcconfig */ = {isa = PBXFileReference; includeInIndex = 1; lastKnownFileType = text.xcconfig; name = "Pods-PodRealmTest.release.xcconfig"; path = "Target Support Files/Pods-PodRealmTest/Pods-PodRealmTest.release.xcconfig"; sourceTree = "<group>"; };
/* End PBXFileReference section */

/* Begin PBXFrameworksBuildPhase section */
		7F54E3CE291DDD6E00FAE487 /* Frameworks */ = {
			isa = PBXFrameworksBuildPhase;
			buildActionMask = 2147483647;
			files = (
				EA39410D2EFED2ACAA8272F2 /* Pods_PodRealmTest.framework in Frameworks */,
			);
			runOnlyForDeploymentPostprocessing = 0;
		};
/* End PBXFrameworksBuildPhase section */

/* Begin PBXGroup section */
		206EE1E4AF1EC8218C4FA4EA /* Pods */ = {
			isa = PBXGroup;
			children = (
				913B588B7B871D570557630C /* Pods-PodRealmTest.debug.xcconfig */,
				B884A852C10D0DCF5B9E45D8 /* Pods-PodRealmTest.release.xcconfig */,
			);
			path = Pods;
			sourceTree = "<group>";
		};
		7F54E3C8291DDD6E00FAE487 = {
			isa = PBXGroup;
			children = (
				7F54E3D3291DDD6E00FAE487 /* PodRealmTest */,
				7F54E3D2291DDD6E00FAE487 /* Products */,
				206EE1E4AF1EC8218C4FA4EA /* Pods */,
				BFAE10312175922B1BD9DC30 /* Frameworks */,
			);
			sourceTree = "<group>";
		};
		7F54E3D2291DDD6E00FAE487 /* Products */ = {
			isa = PBXGroup;
			children = (
				7F54E3D1291DDD6E00FAE487 /* PodRealmTest.app */,
			);
			name = Products;
			sourceTree = "<group>";
		};
		7F54E3D3291DDD6E00FAE487 /* PodRealmTest */ = {
			isa = PBXGroup;
			children = (
				7F54E3D4291DDD6E00FAE487 /* PodRealmTestApp.swift */,
				7F54E3D6291DDD6E00FAE487 /* ContentView.swift */,
				7FB44C982923329C00F05EF4 /* TopMenuView.swift */,
				7F54E3E2291DDE3500FAE487 /* RWBYView.swift */,
				7F54E3EC291DECB700FAE487 /* ColorView.swift */,
				7F729C9A293067190001EA8E /*  TimeUIListView.swift */,
				7F9034D3292483CA00185DEB /* DrugListView.swift */,
				7FB44C9F292338CA00F05EF4 /* DataBase */,
				7F54E3E4291DDE4400FAE487 /* RWBYTest.swift */,
				7F54E3E6291DDEA200FAE487 /* NotificationRequestManager.swift */,
				7F54E3E8291DDF4900FAE487 /* EntryNotificationView.swift */,
				7FB44C9C2923366500F05EF4 /* Extension_or_Derigate */,
				7F54E3D8291DDD7100FAE487 /* Assets.xcassets */,
				7F54E3DA291DDD7100FAE487 /* Preview Content */,
			);
			path = PodRealmTest;
			sourceTree = "<group>";
		};
		7F54E3DA291DDD7100FAE487 /* Preview Content */ = {
			isa = PBXGroup;
			children = (
				7F54E3DB291DDD7100FAE487 /* Preview Assets.xcassets */,
			);
			path = "Preview Content";
			sourceTree = "<group>";
		};
		7FB44C9C2923366500F05EF4 /* Extension_or_Derigate */ = {
			isa = PBXGroup;
			children = (
				7FB44C9A2923365700F05EF4 /* SystemColor.swift */,
				7F6B0CC1292713C00020EA57 /* SceneDelemodoki.swift */,
				7F6B0CC3292715B30020EA57 /* MySceneDelegate.swift */,
			);
			path = Extension_or_Derigate;
			sourceTree = "<group>";
		};
		7FB44C9F292338CA00F05EF4 /* DataBase */ = {
			isa = PBXGroup;
			children = (
				7FB44C9629231F9400F05EF4 /* CocoaMemoryClass.swift */,
				7FB44C9D292338C400F05EF4 /* CocoaMemoryItem.swift */,
				7FB44CA029233A5400F05EF4 /* DrugStore.swift */,
			);
			path = DataBase;
			sourceTree = "<group>";
		};
		BFAE10312175922B1BD9DC30 /* Frameworks */ = {
			isa = PBXGroup;
			children = (
				52542312CDB292BF1CE6363F /* Pods_PodRealmTest.framework */,
			);
			name = Frameworks;
			sourceTree = "<group>";
		};
/* End PBXGroup section */

/* Begin PBXNativeTarget section */
		7F54E3D0291DDD6E00FAE487 /* PodRealmTest */ = {
			isa = PBXNativeTarget;
			buildConfigurationList = 7F54E3DF291DDD7100FAE487 /* Build configuration list for PBXNativeTarget "PodRealmTest" */;
			buildPhases = (
				1E4F0EEF0AFDE4CE080178E6 /* [CP] Check Pods Manifest.lock */,
				7F54E3CD291DDD6E00FAE487 /* Sources */,
				7F54E3CE291DDD6E00FAE487 /* Frameworks */,
				7F54E3CF291DDD6E00FAE487 /* Resources */,
				E1F3506FA66DDDCBC1ED9D54 /* [CP] Embed Pods Frameworks */,
			);
			buildRules = (
			);
			dependencies = (
			);
			name = PodRealmTest;
			productName = PodRealmTest;
			productReference = 7F54E3D1291DDD6E00FAE487 /* PodRealmTest.app */;
			productType = "com.apple.product-type.application";
		};
/* End PBXNativeTarget section */

/* Begin PBXProject section */
		7F54E3C9291DDD6E00FAE487 /* Project object */ = {
			isa = PBXProject;
			attributes = {
				BuildIndependentTargetsInParallel = 1;
				LastSwiftUpdateCheck = 1340;
				LastUpgradeCheck = 1340;
				TargetAttributes = {
					7F54E3D0291DDD6E00FAE487 = {
						CreatedOnToolsVersion = 13.4.1;
					};
				};
			};
			buildConfigurationList = 7F54E3CC291DDD6E00FAE487 /* Build configuration list for PBXProject "PodRealmTest" */;
			compatibilityVersion = "Xcode 13.0";
			developmentRegion = en;
			hasScannedForEncodings = 0;
			knownRegions = (
				en,
				Base,
			);
			mainGroup = 7F54E3C8291DDD6E00FAE487;
			productRefGroup = 7F54E3D2291DDD6E00FAE487 /* Products */;
			projectDirPath = "";
			projectRoot = "";
			targets = (
				7F54E3D0291DDD6E00FAE487 /* PodRealmTest */,
			);
		};
/* End PBXProject section */

/* Begin PBXResourcesBuildPhase section */
		7F54E3CF291DDD6E00FAE487 /* Resources */ = {
			isa = PBXResourcesBuildPhase;
			buildActionMask = 2147483647;
			files = (
				7F54E3DC291DDD7100FAE487 /* Preview Assets.xcassets in Resources */,
				7F54E3D9291DDD7100FAE487 /* Assets.xcassets in Resources */,
			);
			runOnlyForDeploymentPostprocessing = 0;
		};
/* End PBXResourcesBuildPhase section */

/* Begin PBXShellScriptBuildPhase section */
		1E4F0EEF0AFDE4CE080178E6 /* [CP] Check Pods Manifest.lock */ = {
			isa = PBXShellScriptBuildPhase;
			buildActionMask = 2147483647;
			files = (
			);
			inputFileListPaths = (
			);
			inputPaths = (
				"${PODS_PODFILE_DIR_PATH}/Podfile.lock",
				"${PODS_ROOT}/Manifest.lock",
			);
			name = "[CP] Check Pods Manifest.lock";
			outputFileListPaths = (
			);
			outputPaths = (
				"$(DERIVED_FILE_DIR)/Pods-PodRealmTest-checkManifestLockResult.txt",
			);
			runOnlyForDeploymentPostprocessing = 0;
			shellPath = /bin/sh;
			shellScript = "diff \"${PODS_PODFILE_DIR_PATH}/Podfile.lock\" \"${PODS_ROOT}/Manifest.lock\" > /dev/null\nif [ $? != 0 ] ; then\n    # print error to STDERR\n    echo \"error: The sandbox is not in sync with the Podfile.lock. Run 'pod install' or update your CocoaPods installation.\" >&2\n    exit 1\nfi\n# This output is used by Xcode 'outputs' to avoid re-running this script phase.\necho \"SUCCESS\" > \"${SCRIPT_OUTPUT_FILE_0}\"\n";
			showEnvVarsInLog = 0;
		};
		E1F3506FA66DDDCBC1ED9D54 /* [CP] Embed Pods Frameworks */ = {
			isa = PBXShellScriptBuildPhase;
			buildActionMask = 2147483647;
			files = (
			);
			inputFileListPaths = (
				"${PODS_ROOT}/Target Support Files/Pods-PodRealmTest/Pods-PodRealmTest-frameworks-${CONFIGURATION}-input-files.xcfilelist",
			);
			name = "[CP] Embed Pods Frameworks";
			outputFileListPaths = (
				"${PODS_ROOT}/Target Support Files/Pods-PodRealmTest/Pods-PodRealmTest-frameworks-${CONFIGURATION}-output-files.xcfilelist",
			);
			runOnlyForDeploymentPostprocessing = 0;
			shellPath = /bin/sh;
			shellScript = "\"${PODS_ROOT}/Target Support Files/Pods-PodRealmTest/Pods-PodRealmTest-frameworks.sh\"\n";
			showEnvVarsInLog = 0;
		};
/* End PBXShellScriptBuildPhase section */

/* Begin PBXSourcesBuildPhase section */
		7F54E3CD291DDD6E00FAE487 /* Sources */ = {
			isa = PBXSourcesBuildPhase;
			buildActionMask = 2147483647;
			files = (
				7FB44C9B2923365700F05EF4 /* SystemColor.swift in Sources */,
				7F6B0CC2292713C00020EA57 /* SceneDelemodoki.swift in Sources */,
				7FB44C992923329C00F05EF4 /* TopMenuView.swift in Sources */,
				7F54E3E9291DDF4900FAE487 /* EntryNotificationView.swift in Sources */,
				7F729C9B293067190001EA8E /*  TimeUIListView.swift in Sources */,
				7FB44C9E292338C400F05EF4 /* CocoaMemoryItem.swift in Sources */,
				7F54E3D7291DDD6E00FAE487 /* ContentView.swift in Sources */,
				7FB44CA129233A5400F05EF4 /* DrugStore.swift in Sources */,
				7F9034D4292483CA00185DEB /* DrugListView.swift in Sources */,
				7F54E3ED291DECB700FAE487 /* ColorView.swift in Sources */,
				7F54E3E5291DDE4400FAE487 /* RWBYTest.swift in Sources */,
				7F54E3E7291DDEA200FAE487 /* NotificationRequestManager.swift in Sources */,
				7FB44C9729231F9400F05EF4 /* CocoaMemoryClass.swift in Sources */,
				7F54E3D5291DDD6E00FAE487 /* PodRealmTestApp.swift in Sources */,
				7F54E3E3291DDE3500FAE487 /* RWBYView.swift in Sources */,
				7F6B0CC4292715B30020EA57 /* MySceneDelegate.swift in Sources */,
			);
			runOnlyForDeploymentPostprocessing = 0;
		};
/* End PBXSourcesBuildPhase section */

/* Begin XCBuildConfiguration section */
		7F54E3DD291DDD7100FAE487 /* Debug */ = {
			isa = XCBuildConfiguration;
			buildSettings = {
				ALWAYS_SEARCH_USER_PATHS = NO;
				CLANG_ANALYZER_NONNULL = YES;
				CLANG_ANALYZER_NUMBER_OBJECT_CONVERSION = YES_AGGRESSIVE;
				CLANG_CXX_LANGUAGE_STANDARD = "gnu++17";
				CLANG_ENABLE_MODULES = YES;
				CLANG_ENABLE_OBJC_ARC = YES;
				CLANG_ENABLE_OBJC_WEAK = YES;
				CLANG_WARN_BLOCK_CAPTURE_AUTORELEASING = YES;
				CLANG_WARN_BOOL_CONVERSION = YES;
				CLANG_WARN_COMMA = YES;
				CLANG_WARN_CONSTANT_CONVERSION = YES;
				CLANG_WARN_DEPRECATED_OBJC_IMPLEMENTATIONS = YES;
				CLANG_WARN_DIRECT_OBJC_ISA_USAGE = YES_ERROR;
				CLANG_WARN_DOCUMENTATION_COMMENTS = YES;
				CLANG_WARN_EMPTY_BODY = YES;
				CLANG_WARN_ENUM_CONVERSION = YES;
				CLANG_WARN_INFINITE_RECURSION = YES;
				CLANG_WARN_INT_CONVERSION = YES;
				CLANG_WARN_NON_LITERAL_NULL_CONVERSION = YES;
				CLANG_WARN_OBJC_IMPLICIT_RETAIN_SELF = YES;
				CLANG_WARN_OBJC_LITERAL_CONVERSION = YES;
				CLANG_WARN_OBJC_ROOT_CLASS = YES_ERROR;
				CLANG_WARN_QUOTED_INCLUDE_IN_FRAMEWORK_HEADER = YES;
				CLANG_WARN_RANGE_LOOP_ANALYSIS = YES;
				CLANG_WARN_STRICT_PROTOTYPES = YES;
				CLANG_WARN_SUSPICIOUS_MOVE = YES;
				CLANG_WARN_UNGUARDED_AVAILABILITY = YES_AGGRESSIVE;
				CLANG_WARN_UNREACHABLE_CODE = YES;
				CLANG_WARN__DUPLICATE_METHOD_MATCH = YES;
				COPY_PHASE_STRIP = NO;
				DEBUG_INFORMATION_FORMAT = dwarf;
				ENABLE_STRICT_OBJC_MSGSEND = YES;
				ENABLE_TESTABILITY = YES;
				GCC_C_LANGUAGE_STANDARD = gnu11;
				GCC_DYNAMIC_NO_PIC = NO;
				GCC_NO_COMMON_BLOCKS = YES;
				GCC_OPTIMIZATION_LEVEL = 0;
				GCC_PREPROCESSOR_DEFINITIONS = (
					"DEBUG=1",
					"$(inherited)",
				);
				GCC_WARN_64_TO_32_BIT_CONVERSION = YES;
				GCC_WARN_ABOUT_RETURN_TYPE = YES_ERROR;
				GCC_WARN_UNDECLARED_SELECTOR = YES;
				GCC_WARN_UNINITIALIZED_AUTOS = YES_AGGRESSIVE;
				GCC_WARN_UNUSED_FUNCTION = YES;
				GCC_WARN_UNUSED_VARIABLE = YES;
				IPHONEOS_DEPLOYMENT_TARGET = 15.5;
				MTL_ENABLE_DEBUG_INFO = INCLUDE_SOURCE;
				MTL_FAST_MATH = YES;
				ONLY_ACTIVE_ARCH = YES;
				SDKROOT = iphoneos;
				SWIFT_ACTIVE_COMPILATION_CONDITIONS = DEBUG;
				SWIFT_OPTIMIZATION_LEVEL = "-Onone";
			};
			name = Debug;
		};
		7F54E3DE291DDD7100FAE487 /* Release */ = {
			isa = XCBuildConfiguration;
			buildSettings = {
				ALWAYS_SEARCH_USER_PATHS = NO;
				CLANG_ANALYZER_NONNULL = YES;
				CLANG_ANALYZER_NUMBER_OBJECT_CONVERSION = YES_AGGRESSIVE;
				CLANG_CXX_LANGUAGE_STANDARD = "gnu++17";
				CLANG_ENABLE_MODULES = YES;
				CLANG_ENABLE_OBJC_ARC = YES;
				CLANG_ENABLE_OBJC_WEAK = YES;
				CLANG_WARN_BLOCK_CAPTURE_AUTORELEASING = YES;
				CLANG_WARN_BOOL_CONVERSION = YES;
				CLANG_WARN_COMMA = YES;
				CLANG_WARN_CONSTANT_CONVERSION = YES;
				CLANG_WARN_DEPRECATED_OBJC_IMPLEMENTATIONS = YES;
				CLANG_WARN_DIRECT_OBJC_ISA_USAGE = YES_ERROR;
				CLANG_WARN_DOCUMENTATION_COMMENTS = YES;
				CLANG_WARN_EMPTY_BODY = YES;
				CLANG_WARN_ENUM_CONVERSION = YES;
				CLANG_WARN_INFINITE_RECURSION = YES;
				CLANG_WARN_INT_CONVERSION = YES;
				CLANG_WARN_NON_LITERAL_NULL_CONVERSION = YES;
				CLANG_WARN_OBJC_IMPLICIT_RETAIN_SELF = YES;
				CLANG_WARN_OBJC_LITERAL_CONVERSION = YES;
				CLANG_WARN_OBJC_ROOT_CLASS = YES_ERROR;
				CLANG_WARN_QUOTED_INCLUDE_IN_FRAMEWORK_HEADER = YES;
				CLANG_WARN_RANGE_LOOP_ANALYSIS = YES;
				CLANG_WARN_STRICT_PROTOTYPES = YES;
				CLANG_WARN_SUSPICIOUS_MOVE = YES;
				CLANG_WARN_UNGUARDED_AVAILABILITY = YES_AGGRESSIVE;
				CLANG_WARN_UNREACHABLE_CODE = YES;
				CLANG_WARN__DUPLICATE_METHOD_MATCH = YES;
				COPY_PHASE_STRIP = NO;
				DEBUG_INFORMATION_FORMAT = "dwarf-with-dsym";
				ENABLE_NS_ASSERTIONS = NO;
				ENABLE_STRICT_OBJC_MSGSEND = YES;
				GCC_C_LANGUAGE_STANDARD = gnu11;
				GCC_NO_COMMON_BLOCKS = YES;
				GCC_WARN_64_TO_32_BIT_CONVERSION = YES;
				GCC_WARN_ABOUT_RETURN_TYPE = YES_ERROR;
				GCC_WARN_UNDECLARED_SELECTOR = YES;
				GCC_WARN_UNINITIALIZED_AUTOS = YES_AGGRESSIVE;
				GCC_WARN_UNUSED_FUNCTION = YES;
				GCC_WARN_UNUSED_VARIABLE = YES;
				IPHONEOS_DEPLOYMENT_TARGET = 15.5;
				MTL_ENABLE_DEBUG_INFO = NO;
				MTL_FAST_MATH = YES;
				SDKROOT = iphoneos;
				SWIFT_COMPILATION_MODE = wholemodule;
				SWIFT_OPTIMIZATION_LEVEL = "-O";
				VALIDATE_PRODUCT = YES;
			};
			name = Release;
		};
		7F54E3E0291DDD7100FAE487 /* Debug */ = {
			isa = XCBuildConfiguration;
			baseConfigurationReference = 913B588B7B871D570557630C /* Pods-PodRealmTest.debug.xcconfig */;
			buildSettings = {
				ASSETCATALOG_COMPILER_APPICON_NAME = AppIcon;
				ASSETCATALOG_COMPILER_GLOBAL_ACCENT_COLOR_NAME = AccentColor;
				CODE_SIGN_STYLE = Automatic;
				CURRENT_PROJECT_VERSION = 1;
				DEVELOPMENT_ASSET_PATHS = "\"PodRealmTest/Preview Content\"";
				DEVELOPMENT_TEAM = 3U2Y7VW488;
				ENABLE_PREVIEWS = YES;
				GENERATE_INFOPLIST_FILE = YES;
				INFOPLIST_KEY_UIApplicationSceneManifest_Generation = YES;
				INFOPLIST_KEY_UIApplicationSupportsIndirectInputEvents = YES;
				INFOPLIST_KEY_UILaunchScreen_Generation = YES;
				INFOPLIST_KEY_UISupportedInterfaceOrientations_iPad = "UIInterfaceOrientationPortrait UIInterfaceOrientationPortraitUpsideDown UIInterfaceOrientationLandscapeLeft UIInterfaceOrientationLandscapeRight";
				INFOPLIST_KEY_UISupportedInterfaceOrientations_iPhone = "UIInterfaceOrientationPortrait UIInterfaceOrientationLandscapeLeft UIInterfaceOrientationLandscapeRight";
				LD_RUNPATH_SEARCH_PATHS = (
					"$(inherited)",
					"@executable_path/Frameworks",
				);
				MARKETING_VERSION = 1.0;
				PRODUCT_BUNDLE_IDENTIFIER = jp.ac.jec.21cm0147.PodRealmTest;
				PRODUCT_NAME = "$(TARGET_NAME)";
				SWIFT_EMIT_LOC_STRINGS = YES;
				SWIFT_VERSION = 5.0;
				TARGETED_DEVICE_FAMILY = "1,2";
			};
			name = Debug;
		};
		7F54E3E1291DDD7100FAE487 /* Release */ = {
			isa = XCBuildConfiguration;
			baseConfigurationReference = B884A852C10D0DCF5B9E45D8 /* Pods-PodRealmTest.release.xcconfig */;
			buildSettings = {
				ASSETCATALOG_COMPILER_APPICON_NAME = AppIcon;
				ASSETCATALOG_COMPILER_GLOBAL_ACCENT_COLOR_NAME = AccentColor;
				CODE_SIGN_STYLE = Automatic;
				CURRENT_PROJECT_VERSION = 1;
				DEVELOPMENT_ASSET_PATHS = "\"PodRealmTest/Preview Content\"";
				DEVELOPMENT_TEAM = 3U2Y7VW488;
				ENABLE_PREVIEWS = YES;
				GENERATE_INFOPLIST_FILE = YES;
				INFOPLIST_KEY_UIApplicationSceneManifest_Generation = YES;
				INFOPLIST_KEY_UIApplicationSupportsIndirectInputEvents = YES;
				INFOPLIST_KEY_UILaunchScreen_Generation = YES;
				INFOPLIST_KEY_UISupportedInterfaceOrientations_iPad = "UIInterfaceOrientationPortrait UIInterfaceOrientationPortraitUpsideDown UIInterfaceOrientationLandscapeLeft UIInterfaceOrientationLandscapeRight";
				INFOPLIST_KEY_UISupportedInterfaceOrientations_iPhone = "UIInterfaceOrientationPortrait UIInterfaceOrientationLandscapeLeft UIInterfaceOrientationLandscapeRight";
				LD_RUNPATH_SEARCH_PATHS = (
					"$(inherited)",
					"@executable_path/Frameworks",
				);
				MARKETING_VERSION = 1.0;
				PRODUCT_BUNDLE_IDENTIFIER = jp.ac.jec.21cm0147.PodRealmTest;
				PRODUCT_NAME = "$(TARGET_NAME)";
				SWIFT_EMIT_LOC_STRINGS = YES;
				SWIFT_VERSION = 5.0;
				TARGETED_DEVICE_FAMILY = "1,2";
			};
			name = Release;
		};
/* End XCBuildConfiguration section */

/* Begin XCConfigurationList section */
		7F54E3CC291DDD6E00FAE487 /* Build configuration list for PBXProject "PodRealmTest" */ = {
			isa = XCConfigurationList;
			buildConfigurations = (
				7F54E3DD291DDD7100FAE487 /* Debug */,
				7F54E3DE291DDD7100FAE487 /* Release */,
			);
			defaultConfigurationIsVisible = 0;
			defaultConfigurationName = Release;
		};
		7F54E3DF291DDD7100FAE487 /* Build configuration list for PBXNativeTarget "PodRealmTest" */ = {
			isa = XCConfigurationList;
			buildConfigurations = (
				7F54E3E0291DDD7100FAE487 /* Debug */,
				7F54E3E1291DDD7100FAE487 /* Release */,
			);
			defaultConfigurationIsVisible = 0;
			defaultConfigurationName = Release;
		};
/* End XCConfigurationList section */
	};
	rootObject = 7F54E3C9291DDD6E00FAE487 /* Project object */;
}
